// !$*UTF8*$!
{
	archiveVersion = 1;
	classes = {
	};
	objectVersion = 51;
	objects = {

/* Begin PBXBuildFile section */
		225F76C02691D5310019BF8B /* AppDelegate.swift in Sources */ = {isa = PBXBuildFile; fileRef = 225F76BF2691D5310019BF8B /* AppDelegate.swift */; };
		225F76C42691D5310019BF8B /* DetailsViewController.swift in Sources */ = {isa = PBXBuildFile; fileRef = 225F76C32691D5310019BF8B /* DetailsViewController.swift */; };
		225F76C92691D5330019BF8B /* Assets.xcassets in Resources */ = {isa = PBXBuildFile; fileRef = 225F76C82691D5330019BF8B /* Assets.xcassets */; };
		225F76D82691DA930019BF8B /* CoordinatorType.swift in Sources */ = {isa = PBXBuildFile; fileRef = 225F76D72691DA930019BF8B /* CoordinatorType.swift */; };
		225F76DA2691DAD80019BF8B /* Coordinator.swift in Sources */ = {isa = PBXBuildFile; fileRef = 225F76D92691DAD80019BF8B /* Coordinator.swift */; };
		225F76DC2691DC0A0019BF8B /* AppCoordinator.swift in Sources */ = {isa = PBXBuildFile; fileRef = 225F76DB2691DC0A0019BF8B /* AppCoordinator.swift */; };
		225F76DF2691DF980019BF8B /* HomeCoordinator.swift in Sources */ = {isa = PBXBuildFile; fileRef = 225F76DE2691DF980019BF8B /* HomeCoordinator.swift */; };
		225F76EF2691E0BF0019BF8B /* SnapKitBuilder.swift in Sources */ = {isa = PBXBuildFile; fileRef = 225F76E42691E0BF0019BF8B /* SnapKitBuilder.swift */; };
		225F76F02691E0BF0019BF8B /* ColorBuilder.swift in Sources */ = {isa = PBXBuildFile; fileRef = 225F76E52691E0BF0019BF8B /* ColorBuilder.swift */; };
		225F76F22691E0BF0019BF8B /* ButtonBuilder.swift in Sources */ = {isa = PBXBuildFile; fileRef = 225F76E72691E0BF0019BF8B /* ButtonBuilder.swift */; };
		225F76F32691E0BF0019BF8B /* ImageViewBuilder.swift in Sources */ = {isa = PBXBuildFile; fileRef = 225F76E82691E0BF0019BF8B /* ImageViewBuilder.swift */; };
		225F76F52691E0BF0019BF8B /* NavigationBuilder.swift in Sources */ = {isa = PBXBuildFile; fileRef = 225F76EA2691E0BF0019BF8B /* NavigationBuilder.swift */; };
		225F76F62691E0BF0019BF8B /* LabelBuilder.swift in Sources */ = {isa = PBXBuildFile; fileRef = 225F76EB2691E0BF0019BF8B /* LabelBuilder.swift */; };
		225F76F82691E0BF0019BF8B /* ViewBuilder.swift in Sources */ = {isa = PBXBuildFile; fileRef = 225F76ED2691E0BF0019BF8B /* ViewBuilder.swift */; };
		225F76FC2691E14A0019BF8B /* Fonts.swift in Sources */ = {isa = PBXBuildFile; fileRef = 225F76FB2691E14A0019BF8B /* Fonts.swift */; };
		227DCD412693B35100D677DA /* ImagePickerCoordinator.swift in Sources */ = {isa = PBXBuildFile; fileRef = 227DCD402693B35100D677DA /* ImagePickerCoordinator.swift */; };
		227DCD492694569500D677DA /* HappyBirthdayViewController.swift in Sources */ = {isa = PBXBuildFile; fileRef = 227DCD482694569500D677DA /* HappyBirthdayViewController.swift */; };
		227DCD4B269456BF00D677DA /* DetailsNamespace.swift in Sources */ = {isa = PBXBuildFile; fileRef = 227DCD4A269456BF00D677DA /* DetailsNamespace.swift */; };
		227DCD4D269456EF00D677DA /* HappyBirthdayNamespace.swift in Sources */ = {isa = PBXBuildFile; fileRef = 227DCD4C269456EF00D677DA /* HappyBirthdayNamespace.swift */; };
		227DCD4F2694572200D677DA /* HappyBirthdayViewModelType.swift in Sources */ = {isa = PBXBuildFile; fileRef = 227DCD4E2694572200D677DA /* HappyBirthdayViewModelType.swift */; };
		227DCD512694573100D677DA /* HappyBirthdayViewModel.swift in Sources */ = {isa = PBXBuildFile; fileRef = 227DCD502694573100D677DA /* HappyBirthdayViewModel.swift */; };
		22BA47E72691E348006C5E49 /* Padding.swift in Sources */ = {isa = PBXBuildFile; fileRef = 22BA47E62691E348006C5E49 /* Padding.swift */; };
		22BA47E92691E3DE006C5E49 /* Colors.swift in Sources */ = {isa = PBXBuildFile; fileRef = 22BA47E82691E3DE006C5E49 /* Colors.swift */; };
		22BA47EE2691E57B006C5E49 /* LaunchScreen.storyboard in Resources */ = {isa = PBXBuildFile; fileRef = 22BA47EB2691E57B006C5E49 /* LaunchScreen.storyboard */; };
		22BA47EF2691E57B006C5E49 /* LaunchScreenViewController.swift in Sources */ = {isa = PBXBuildFile; fileRef = 22BA47ED2691E57B006C5E49 /* LaunchScreenViewController.swift */; };
		22BA47F12691EC75006C5E49 /* DetailsViewModelType.swift in Sources */ = {isa = PBXBuildFile; fileRef = 22BA47F02691EC75006C5E49 /* DetailsViewModelType.swift */; };
		22BA47F32691EC86006C5E49 /* DetailsViewModel.swift in Sources */ = {isa = PBXBuildFile; fileRef = 22BA47F22691EC86006C5E49 /* DetailsViewModel.swift */; };
		22BA47F52691EF2C006C5E49 /* TextFieldBuilder.swift in Sources */ = {isa = PBXBuildFile; fileRef = 22BA47F42691EF2C006C5E49 /* TextFieldBuilder.swift */; };
		22BA47F72692086A006C5E49 /* DatePickerBuilder.swift in Sources */ = {isa = PBXBuildFile; fileRef = 22BA47F62692086A006C5E49 /* DatePickerBuilder.swift */; };
		22BA47F926920AC5006C5E49 /* DateBuilder.swift in Sources */ = {isa = PBXBuildFile; fileRef = 22BA47F826920AC5006C5E49 /* DateBuilder.swift */; };
		22BA47FE269216F0006C5E49 /* AlertBuilder.swift in Sources */ = {isa = PBXBuildFile; fileRef = 22BA47FD269216F0006C5E49 /* AlertBuilder.swift */; };
		22BA48032692216C006C5E49 /* Rx+UIView.swift in Sources */ = {isa = PBXBuildFile; fileRef = 22BA48022692216C006C5E49 /* Rx+UIView.swift */; };
		22CC8A4B26962E4A00CCE8A7 /* Rx+Coordinator.swift in Sources */ = {isa = PBXBuildFile; fileRef = 22CC8A4A26962E4A00CCE8A7 /* Rx+Coordinator.swift */; };
		22CC8A4D269630FF00CCE8A7 /* ToolBarBuilder.swift in Sources */ = {isa = PBXBuildFile; fileRef = 22CC8A4C269630FF00CCE8A7 /* ToolBarBuilder.swift */; };
		22CC8A5226964BD000CCE8A7 /* SelectedImageViewModelType.swift in Sources */ = {isa = PBXBuildFile; fileRef = 22CC8A5126964BD000CCE8A7 /* SelectedImageViewModelType.swift */; };
		C1B195C51D7A0F1610A8F1C1 /* Pods_HappyBirthdayApp.framework in Frameworks */ = {isa = PBXBuildFile; fileRef = 3C5A1A8718AE57971BA18432 /* Pods_HappyBirthdayApp.framework */; };
/* End PBXBuildFile section */

/* Begin PBXFileReference section */
		225F76BC2691D5310019BF8B /* HappyBirthdayApp.app */ = {isa = PBXFileReference; explicitFileType = wrapper.application; includeInIndex = 0; path = HappyBirthdayApp.app; sourceTree = BUILT_PRODUCTS_DIR; };
		225F76BF2691D5310019BF8B /* AppDelegate.swift */ = {isa = PBXFileReference; lastKnownFileType = sourcecode.swift; path = AppDelegate.swift; sourceTree = "<group>"; };
		225F76C32691D5310019BF8B /* DetailsViewController.swift */ = {isa = PBXFileReference; lastKnownFileType = sourcecode.swift; path = DetailsViewController.swift; sourceTree = "<group>"; };
		225F76C82691D5330019BF8B /* Assets.xcassets */ = {isa = PBXFileReference; lastKnownFileType = folder.assetcatalog; path = Assets.xcassets; sourceTree = "<group>"; };
		225F76CD2691D5330019BF8B /* Info.plist */ = {isa = PBXFileReference; lastKnownFileType = text.plist.xml; path = Info.plist; sourceTree = "<group>"; };
		225F76D72691DA930019BF8B /* CoordinatorType.swift */ = {isa = PBXFileReference; lastKnownFileType = sourcecode.swift; path = CoordinatorType.swift; sourceTree = "<group>"; };
		225F76D92691DAD80019BF8B /* Coordinator.swift */ = {isa = PBXFileReference; lastKnownFileType = sourcecode.swift; path = Coordinator.swift; sourceTree = "<group>"; };
		225F76DB2691DC0A0019BF8B /* AppCoordinator.swift */ = {isa = PBXFileReference; lastKnownFileType = sourcecode.swift; path = AppCoordinator.swift; sourceTree = "<group>"; };
		225F76DE2691DF980019BF8B /* HomeCoordinator.swift */ = {isa = PBXFileReference; lastKnownFileType = sourcecode.swift; path = HomeCoordinator.swift; sourceTree = "<group>"; };
		225F76E42691E0BF0019BF8B /* SnapKitBuilder.swift */ = {isa = PBXFileReference; fileEncoding = 4; lastKnownFileType = sourcecode.swift; path = SnapKitBuilder.swift; sourceTree = "<group>"; };
		225F76E52691E0BF0019BF8B /* ColorBuilder.swift */ = {isa = PBXFileReference; fileEncoding = 4; lastKnownFileType = sourcecode.swift; path = ColorBuilder.swift; sourceTree = "<group>"; };
		225F76E72691E0BF0019BF8B /* ButtonBuilder.swift */ = {isa = PBXFileReference; fileEncoding = 4; lastKnownFileType = sourcecode.swift; path = ButtonBuilder.swift; sourceTree = "<group>"; };
		225F76E82691E0BF0019BF8B /* ImageViewBuilder.swift */ = {isa = PBXFileReference; fileEncoding = 4; lastKnownFileType = sourcecode.swift; path = ImageViewBuilder.swift; sourceTree = "<group>"; };
		225F76EA2691E0BF0019BF8B /* NavigationBuilder.swift */ = {isa = PBXFileReference; fileEncoding = 4; lastKnownFileType = sourcecode.swift; path = NavigationBuilder.swift; sourceTree = "<group>"; };
		225F76EB2691E0BF0019BF8B /* LabelBuilder.swift */ = {isa = PBXFileReference; fileEncoding = 4; lastKnownFileType = sourcecode.swift; path = LabelBuilder.swift; sourceTree = "<group>"; };
		225F76ED2691E0BF0019BF8B /* ViewBuilder.swift */ = {isa = PBXFileReference; fileEncoding = 4; lastKnownFileType = sourcecode.swift; path = ViewBuilder.swift; sourceTree = "<group>"; };
		225F76FB2691E14A0019BF8B /* Fonts.swift */ = {isa = PBXFileReference; lastKnownFileType = sourcecode.swift; path = Fonts.swift; sourceTree = "<group>"; };
		227DCD402693B35100D677DA /* ImagePickerCoordinator.swift */ = {isa = PBXFileReference; lastKnownFileType = sourcecode.swift; path = ImagePickerCoordinator.swift; sourceTree = "<group>"; };
		227DCD482694569500D677DA /* HappyBirthdayViewController.swift */ = {isa = PBXFileReference; lastKnownFileType = sourcecode.swift; path = HappyBirthdayViewController.swift; sourceTree = "<group>"; };
		227DCD4A269456BF00D677DA /* DetailsNamespace.swift */ = {isa = PBXFileReference; lastKnownFileType = sourcecode.swift; path = DetailsNamespace.swift; sourceTree = "<group>"; };
		227DCD4C269456EF00D677DA /* HappyBirthdayNamespace.swift */ = {isa = PBXFileReference; lastKnownFileType = sourcecode.swift; path = HappyBirthdayNamespace.swift; sourceTree = "<group>"; };
		227DCD4E2694572200D677DA /* HappyBirthdayViewModelType.swift */ = {isa = PBXFileReference; lastKnownFileType = sourcecode.swift; path = HappyBirthdayViewModelType.swift; sourceTree = "<group>"; };
		227DCD502694573100D677DA /* HappyBirthdayViewModel.swift */ = {isa = PBXFileReference; lastKnownFileType = sourcecode.swift; path = HappyBirthdayViewModel.swift; sourceTree = "<group>"; };
		22BA47E62691E348006C5E49 /* Padding.swift */ = {isa = PBXFileReference; lastKnownFileType = sourcecode.swift; path = Padding.swift; sourceTree = "<group>"; };
		22BA47E82691E3DE006C5E49 /* Colors.swift */ = {isa = PBXFileReference; lastKnownFileType = sourcecode.swift; path = Colors.swift; sourceTree = "<group>"; };
		22BA47EC2691E57B006C5E49 /* Base */ = {isa = PBXFileReference; lastKnownFileType = file.storyboard; name = Base; path = Base.lproj/LaunchScreen.storyboard; sourceTree = "<group>"; };
		22BA47ED2691E57B006C5E49 /* LaunchScreenViewController.swift */ = {isa = PBXFileReference; fileEncoding = 4; lastKnownFileType = sourcecode.swift; path = LaunchScreenViewController.swift; sourceTree = "<group>"; };
		22BA47F02691EC75006C5E49 /* DetailsViewModelType.swift */ = {isa = PBXFileReference; lastKnownFileType = sourcecode.swift; path = DetailsViewModelType.swift; sourceTree = "<group>"; };
		22BA47F22691EC86006C5E49 /* DetailsViewModel.swift */ = {isa = PBXFileReference; lastKnownFileType = sourcecode.swift; path = DetailsViewModel.swift; sourceTree = "<group>"; };
		22BA47F42691EF2C006C5E49 /* TextFieldBuilder.swift */ = {isa = PBXFileReference; lastKnownFileType = sourcecode.swift; path = TextFieldBuilder.swift; sourceTree = "<group>"; };
		22BA47F62692086A006C5E49 /* DatePickerBuilder.swift */ = {isa = PBXFileReference; lastKnownFileType = sourcecode.swift; path = DatePickerBuilder.swift; sourceTree = "<group>"; };
		22BA47F826920AC5006C5E49 /* DateBuilder.swift */ = {isa = PBXFileReference; lastKnownFileType = sourcecode.swift; path = DateBuilder.swift; sourceTree = "<group>"; };
		22BA47FD269216F0006C5E49 /* AlertBuilder.swift */ = {isa = PBXFileReference; lastKnownFileType = sourcecode.swift; path = AlertBuilder.swift; sourceTree = "<group>"; };
		22BA48022692216C006C5E49 /* Rx+UIView.swift */ = {isa = PBXFileReference; lastKnownFileType = sourcecode.swift; path = "Rx+UIView.swift"; sourceTree = "<group>"; };
		22CC8A4A26962E4A00CCE8A7 /* Rx+Coordinator.swift */ = {isa = PBXFileReference; lastKnownFileType = sourcecode.swift; path = "Rx+Coordinator.swift"; sourceTree = "<group>"; };
		22CC8A4C269630FF00CCE8A7 /* ToolBarBuilder.swift */ = {isa = PBXFileReference; lastKnownFileType = sourcecode.swift; path = ToolBarBuilder.swift; sourceTree = "<group>"; };
		22CC8A5126964BD000CCE8A7 /* SelectedImageViewModelType.swift */ = {isa = PBXFileReference; lastKnownFileType = sourcecode.swift; path = SelectedImageViewModelType.swift; sourceTree = "<group>"; };
		3AC0AD55D716B9A82141EBB3 /* Pods-HappyBirthdayApp.debug.xcconfig */ = {isa = PBXFileReference; includeInIndex = 1; lastKnownFileType = text.xcconfig; name = "Pods-HappyBirthdayApp.debug.xcconfig"; path = "Target Support Files/Pods-HappyBirthdayApp/Pods-HappyBirthdayApp.debug.xcconfig"; sourceTree = "<group>"; };
		3C5A1A8718AE57971BA18432 /* Pods_HappyBirthdayApp.framework */ = {isa = PBXFileReference; explicitFileType = wrapper.framework; includeInIndex = 0; path = Pods_HappyBirthdayApp.framework; sourceTree = BUILT_PRODUCTS_DIR; };
		A25203C9CD163F38BB56B820 /* Pods-HappyBirthdayApp.release.xcconfig */ = {isa = PBXFileReference; includeInIndex = 1; lastKnownFileType = text.xcconfig; name = "Pods-HappyBirthdayApp.release.xcconfig"; path = "Target Support Files/Pods-HappyBirthdayApp/Pods-HappyBirthdayApp.release.xcconfig"; sourceTree = "<group>"; };
/* End PBXFileReference section */

/* Begin PBXFrameworksBuildPhase section */
		225F76B92691D5310019BF8B /* Frameworks */ = {
			isa = PBXFrameworksBuildPhase;
			buildActionMask = 2147483647;
			files = (
				C1B195C51D7A0F1610A8F1C1 /* Pods_HappyBirthdayApp.framework in Frameworks */,
			);
			runOnlyForDeploymentPostprocessing = 0;
		};
/* End PBXFrameworksBuildPhase section */

/* Begin PBXGroup section */
		094ED36FAA6B511EB8886C76 /* Frameworks */ = {
			isa = PBXGroup;
			children = (
				3C5A1A8718AE57971BA18432 /* Pods_HappyBirthdayApp.framework */,
			);
			name = Frameworks;
			sourceTree = "<group>";
		};
		225F76B32691D5310019BF8B = {
			isa = PBXGroup;
			children = (
				225F76BE2691D5310019BF8B /* HappyBirthdayApp */,
				225F76BD2691D5310019BF8B /* Products */,
				43245843DD88ED08A77BC2A7 /* Pods */,
				094ED36FAA6B511EB8886C76 /* Frameworks */,
			);
			sourceTree = "<group>";
		};
		225F76BD2691D5310019BF8B /* Products */ = {
			isa = PBXGroup;
			children = (
				225F76BC2691D5310019BF8B /* HappyBirthdayApp.app */,
			);
			name = Products;
			sourceTree = "<group>";
		};
		225F76BE2691D5310019BF8B /* HappyBirthdayApp */ = {
			isa = PBXGroup;
			children = (
				225F76D42691DA530019BF8B /* Main */,
				225F76D32691DA370019BF8B /* Common */,
				225F76D52691DA640019BF8B /* Flows */,
			);
			path = HappyBirthdayApp;
			sourceTree = "<group>";
		};
		225F76D32691DA370019BF8B /* Common */ = {
			isa = PBXGroup;
			children = (
				227DCD3E2693AFA700D677DA /* Service */,
				225F76FA2691E11F0019BF8B /* UI */,
				225F76D62691DA7D0019BF8B /* Coordinator */,
				225F76F92691E10C0019BF8B /* Builders */,
			);
			path = Common;
			sourceTree = "<group>";
		};
		225F76D42691DA530019BF8B /* Main */ = {
			isa = PBXGroup;
			children = (
				22BA47EA2691E57B006C5E49 /* LaunchScreen */,
				225F76C82691D5330019BF8B /* Assets.xcassets */,
				225F76BF2691D5310019BF8B /* AppDelegate.swift */,
				225F76DB2691DC0A0019BF8B /* AppCoordinator.swift */,
				225F76CD2691D5330019BF8B /* Info.plist */,
			);
			path = Main;
			sourceTree = "<group>";
		};
		225F76D52691DA640019BF8B /* Flows */ = {
			isa = PBXGroup;
			children = (
				225F76DD2691DF890019BF8B /* Home */,
				227DCD3F2693B33B00D677DA /* ImagePicker */,
			);
			path = Flows;
			sourceTree = "<group>";
		};
		225F76D62691DA7D0019BF8B /* Coordinator */ = {
			isa = PBXGroup;
			children = (
				225F76D72691DA930019BF8B /* CoordinatorType.swift */,
				225F76D92691DAD80019BF8B /* Coordinator.swift */,
			);
			path = Coordinator;
			sourceTree = "<group>";
		};
		225F76DD2691DF890019BF8B /* Home */ = {
			isa = PBXGroup;
			children = (
				225F76DE2691DF980019BF8B /* HomeCoordinator.swift */,
				22CC8A5126964BD000CCE8A7 /* SelectedImageViewModelType.swift */,
				227DCD462694564800D677DA /* Details */,
				227DCD472694565C00D677DA /* HappyBirthday */,
			);
			path = Home;
			sourceTree = "<group>";
		};
		225F76E22691E0BF0019BF8B /* UI */ = {
			isa = PBXGroup;
			children = (
				225F76E42691E0BF0019BF8B /* SnapKitBuilder.swift */,
				225F76E52691E0BF0019BF8B /* ColorBuilder.swift */,
				225F76E72691E0BF0019BF8B /* ButtonBuilder.swift */,
				225F76E82691E0BF0019BF8B /* ImageViewBuilder.swift */,
				225F76EA2691E0BF0019BF8B /* NavigationBuilder.swift */,
				225F76EB2691E0BF0019BF8B /* LabelBuilder.swift */,
				225F76ED2691E0BF0019BF8B /* ViewBuilder.swift */,
				22BA47F42691EF2C006C5E49 /* TextFieldBuilder.swift */,
				22BA47F62692086A006C5E49 /* DatePickerBuilder.swift */,
				22CC8A4C269630FF00CCE8A7 /* ToolBarBuilder.swift */,
			);
			name = UI;
			path = HappyBirthdayApp/Common/Builders/UI;
			sourceTree = SOURCE_ROOT;
		};
		225F76F92691E10C0019BF8B /* Builders */ = {
			isa = PBXGroup;
			children = (
				22BA480126922163006C5E49 /* Rx */,
				225F76E22691E0BF0019BF8B /* UI */,
				22BA47F826920AC5006C5E49 /* DateBuilder.swift */,
				22BA47FD269216F0006C5E49 /* AlertBuilder.swift */,
			);
			path = Builders;
			sourceTree = "<group>";
		};
		225F76FA2691E11F0019BF8B /* UI */ = {
			isa = PBXGroup;
			children = (
				225F76FB2691E14A0019BF8B /* Fonts.swift */,
				22BA47E62691E348006C5E49 /* Padding.swift */,
				22BA47E82691E3DE006C5E49 /* Colors.swift */,
			);
			path = UI;
			sourceTree = "<group>";
		};
		227DCD3E2693AFA700D677DA /* Service */ = {
			isa = PBXGroup;
			children = (
			);
			path = Service;
			sourceTree = "<group>";
		};
		227DCD3F2693B33B00D677DA /* ImagePicker */ = {
			isa = PBXGroup;
			children = (
				227DCD402693B35100D677DA /* ImagePickerCoordinator.swift */,
			);
			path = ImagePicker;
			sourceTree = "<group>";
		};
		227DCD462694564800D677DA /* Details */ = {
			isa = PBXGroup;
			children = (
				227DCD4A269456BF00D677DA /* DetailsNamespace.swift */,
				22BA47F02691EC75006C5E49 /* DetailsViewModelType.swift */,
				22BA47F22691EC86006C5E49 /* DetailsViewModel.swift */,
				225F76C32691D5310019BF8B /* DetailsViewController.swift */,
			);
			path = Details;
			sourceTree = "<group>";
		};
		227DCD472694565C00D677DA /* HappyBirthday */ = {
			isa = PBXGroup;
			children = (
				227DCD4C269456EF00D677DA /* HappyBirthdayNamespace.swift */,
				227DCD4E2694572200D677DA /* HappyBirthdayViewModelType.swift */,
				227DCD502694573100D677DA /* HappyBirthdayViewModel.swift */,
				227DCD482694569500D677DA /* HappyBirthdayViewController.swift */,
			);
			path = HappyBirthday;
			sourceTree = "<group>";
		};
		22BA47EA2691E57B006C5E49 /* LaunchScreen */ = {
			isa = PBXGroup;
			children = (
				22BA47ED2691E57B006C5E49 /* LaunchScreenViewController.swift */,
				22BA47EB2691E57B006C5E49 /* LaunchScreen.storyboard */,
			);
			path = LaunchScreen;
			sourceTree = "<group>";
		};
		22BA480126922163006C5E49 /* Rx */ = {
			isa = PBXGroup;
			children = (
				22BA48022692216C006C5E49 /* Rx+UIView.swift */,
				22CC8A4A26962E4A00CCE8A7 /* Rx+Coordinator.swift */,
			);
			path = Rx;
			sourceTree = "<group>";
		};
		43245843DD88ED08A77BC2A7 /* Pods */ = {
			isa = PBXGroup;
			children = (
				3AC0AD55D716B9A82141EBB3 /* Pods-HappyBirthdayApp.debug.xcconfig */,
				A25203C9CD163F38BB56B820 /* Pods-HappyBirthdayApp.release.xcconfig */,
			);
			path = Pods;
			sourceTree = "<group>";
		};
/* End PBXGroup section */

/* Begin PBXNativeTarget section */
		225F76BB2691D5310019BF8B /* HappyBirthdayApp */ = {
			isa = PBXNativeTarget;
			buildConfigurationList = 225F76D02691D5330019BF8B /* Build configuration list for PBXNativeTarget "HappyBirthdayApp" */;
			buildPhases = (
				B35108FAAB75FA3C99DDF991 /* [CP] Check Pods Manifest.lock */,
				225F76B82691D5310019BF8B /* Sources */,
				225F76B92691D5310019BF8B /* Frameworks */,
				225F76BA2691D5310019BF8B /* Resources */,
				86AE0F4C20897949417E0C55 /* [CP] Embed Pods Frameworks */,
			);
			buildRules = (
			);
			dependencies = (
			);
			name = HappyBirthdayApp;
			productName = HappyBirthdayApp;
			productReference = 225F76BC2691D5310019BF8B /* HappyBirthdayApp.app */;
			productType = "com.apple.product-type.application";
		};
/* End PBXNativeTarget section */

/* Begin PBXProject section */
		225F76B42691D5310019BF8B /* Project object */ = {
			isa = PBXProject;
			attributes = {
				LastSwiftUpdateCheck = 1250;
				LastUpgradeCheck = 1250;
				TargetAttributes = {
					225F76BB2691D5310019BF8B = {
						CreatedOnToolsVersion = 12.5.1;
					};
				};
			};
			buildConfigurationList = 225F76B72691D5310019BF8B /* Build configuration list for PBXProject "HappyBirthdayApp" */;
			compatibilityVersion = "Xcode 9.3";
			developmentRegion = en;
			hasScannedForEncodings = 0;
			knownRegions = (
				en,
				Base,
			);
			mainGroup = 225F76B32691D5310019BF8B;
			productRefGroup = 225F76BD2691D5310019BF8B /* Products */;
			projectDirPath = "";
			projectRoot = "";
			targets = (
				225F76BB2691D5310019BF8B /* HappyBirthdayApp */,
			);
		};
/* End PBXProject section */

/* Begin PBXResourcesBuildPhase section */
		225F76BA2691D5310019BF8B /* Resources */ = {
			isa = PBXResourcesBuildPhase;
			buildActionMask = 2147483647;
			files = (
				225F76C92691D5330019BF8B /* Assets.xcassets in Resources */,
				22BA47EE2691E57B006C5E49 /* LaunchScreen.storyboard in Resources */,
			);
			runOnlyForDeploymentPostprocessing = 0;
		};
/* End PBXResourcesBuildPhase section */

/* Begin PBXShellScriptBuildPhase section */
		86AE0F4C20897949417E0C55 /* [CP] Embed Pods Frameworks */ = {
			isa = PBXShellScriptBuildPhase;
			buildActionMask = 2147483647;
			files = (
			);
			inputFileListPaths = (
				"${PODS_ROOT}/Target Support Files/Pods-HappyBirthdayApp/Pods-HappyBirthdayApp-frameworks-${CONFIGURATION}-input-files.xcfilelist",
			);
			name = "[CP] Embed Pods Frameworks";
			outputFileListPaths = (
				"${PODS_ROOT}/Target Support Files/Pods-HappyBirthdayApp/Pods-HappyBirthdayApp-frameworks-${CONFIGURATION}-output-files.xcfilelist",
			);
			runOnlyForDeploymentPostprocessing = 0;
			shellPath = /bin/sh;
			shellScript = "\"${PODS_ROOT}/Target Support Files/Pods-HappyBirthdayApp/Pods-HappyBirthdayApp-frameworks.sh\"\n";
			showEnvVarsInLog = 0;
		};
		B35108FAAB75FA3C99DDF991 /* [CP] Check Pods Manifest.lock */ = {
			isa = PBXShellScriptBuildPhase;
			buildActionMask = 2147483647;
			files = (
			);
			inputFileListPaths = (
			);
			inputPaths = (
				"${PODS_PODFILE_DIR_PATH}/Podfile.lock",
				"${PODS_ROOT}/Manifest.lock",
			);
			name = "[CP] Check Pods Manifest.lock";
			outputFileListPaths = (
			);
			outputPaths = (
				"$(DERIVED_FILE_DIR)/Pods-HappyBirthdayApp-checkManifestLockResult.txt",
			);
			runOnlyForDeploymentPostprocessing = 0;
			shellPath = /bin/sh;
			shellScript = "diff \"${PODS_PODFILE_DIR_PATH}/Podfile.lock\" \"${PODS_ROOT}/Manifest.lock\" > /dev/null\nif [ $? != 0 ] ; then\n    # print error to STDERR\n    echo \"error: The sandbox is not in sync with the Podfile.lock. Run 'pod install' or update your CocoaPods installation.\" >&2\n    exit 1\nfi\n# This output is used by Xcode 'outputs' to avoid re-running this script phase.\necho \"SUCCESS\" > \"${SCRIPT_OUTPUT_FILE_0}\"\n";
			showEnvVarsInLog = 0;
		};
/* End PBXShellScriptBuildPhase section */

/* Begin PBXSourcesBuildPhase section */
		225F76B82691D5310019BF8B /* Sources */ = {
			isa = PBXSourcesBuildPhase;
			buildActionMask = 2147483647;
			files = (
				22BA47F12691EC75006C5E49 /* DetailsViewModelType.swift in Sources */,
				22BA47F32691EC86006C5E49 /* DetailsViewModel.swift in Sources */,
				22BA47E92691E3DE006C5E49 /* Colors.swift in Sources */,
				22CC8A5226964BD000CCE8A7 /* SelectedImageViewModelType.swift in Sources */,
				225F76F82691E0BF0019BF8B /* ViewBuilder.swift in Sources */,
				22BA47E72691E348006C5E49 /* Padding.swift in Sources */,
				22BA47F72692086A006C5E49 /* DatePickerBuilder.swift in Sources */,
				225F76F22691E0BF0019BF8B /* ButtonBuilder.swift in Sources */,
				225F76DA2691DAD80019BF8B /* Coordinator.swift in Sources */,
				22BA48032692216C006C5E49 /* Rx+UIView.swift in Sources */,
				22CC8A4D269630FF00CCE8A7 /* ToolBarBuilder.swift in Sources */,
				225F76F62691E0BF0019BF8B /* LabelBuilder.swift in Sources */,
				227DCD492694569500D677DA /* HappyBirthdayViewController.swift in Sources */,
				225F76EF2691E0BF0019BF8B /* SnapKitBuilder.swift in Sources */,
				225F76C42691D5310019BF8B /* DetailsViewController.swift in Sources */,
				22BA47FE269216F0006C5E49 /* AlertBuilder.swift in Sources */,
				227DCD512694573100D677DA /* HappyBirthdayViewModel.swift in Sources */,
				227DCD4B269456BF00D677DA /* DetailsNamespace.swift in Sources */,
				225F76F02691E0BF0019BF8B /* ColorBuilder.swift in Sources */,
				225F76F32691E0BF0019BF8B /* ImageViewBuilder.swift in Sources */,
				225F76DC2691DC0A0019BF8B /* AppCoordinator.swift in Sources */,
				22BA47F52691EF2C006C5E49 /* TextFieldBuilder.swift in Sources */,
				225F76C02691D5310019BF8B /* AppDelegate.swift in Sources */,
				225F76D82691DA930019BF8B /* CoordinatorType.swift in Sources */,
				227DCD412693B35100D677DA /* ImagePickerCoordinator.swift in Sources */,
				225F76DF2691DF980019BF8B /* HomeCoordinator.swift in Sources */,
				225F76FC2691E14A0019BF8B /* Fonts.swift in Sources */,
				22BA47EF2691E57B006C5E49 /* LaunchScreenViewController.swift in Sources */,
				227DCD4D269456EF00D677DA /* HappyBirthdayNamespace.swift in Sources */,
				225F76F52691E0BF0019BF8B /* NavigationBuilder.swift in Sources */,
				227DCD4F2694572200D677DA /* HappyBirthdayViewModelType.swift in Sources */,
				22BA47F926920AC5006C5E49 /* DateBuilder.swift in Sources */,
				22CC8A4B26962E4A00CCE8A7 /* Rx+Coordinator.swift in Sources */,
			);
			runOnlyForDeploymentPostprocessing = 0;
		};
/* End PBXSourcesBuildPhase section */

/* Begin PBXVariantGroup section */
		22BA47EB2691E57B006C5E49 /* LaunchScreen.storyboard */ = {
			isa = PBXVariantGroup;
			children = (
				22BA47EC2691E57B006C5E49 /* Base */,
			);
			name = LaunchScreen.storyboard;
			sourceTree = "<group>";
		};
/* End PBXVariantGroup section */

/* Begin XCBuildConfiguration section */
		225F76CE2691D5330019BF8B /* Debug */ = {
			isa = XCBuildConfiguration;
			buildSettings = {
				ALWAYS_SEARCH_USER_PATHS = NO;
				CLANG_ANALYZER_NONNULL = YES;
				CLANG_ANALYZER_NUMBER_OBJECT_CONVERSION = YES_AGGRESSIVE;
				CLANG_CXX_LANGUAGE_STANDARD = "gnu++14";
				CLANG_CXX_LIBRARY = "libc++";
				CLANG_ENABLE_MODULES = YES;
				CLANG_ENABLE_OBJC_ARC = YES;
				CLANG_ENABLE_OBJC_WEAK = YES;
				CLANG_WARN_BLOCK_CAPTURE_AUTORELEASING = YES;
				CLANG_WARN_BOOL_CONVERSION = YES;
				CLANG_WARN_COMMA = YES;
				CLANG_WARN_CONSTANT_CONVERSION = YES;
				CLANG_WARN_DEPRECATED_OBJC_IMPLEMENTATIONS = YES;
				CLANG_WARN_DIRECT_OBJC_ISA_USAGE = YES_ERROR;
				CLANG_WARN_DOCUMENTATION_COMMENTS = YES;
				CLANG_WARN_EMPTY_BODY = YES;
				CLANG_WARN_ENUM_CONVERSION = YES;
				CLANG_WARN_INFINITE_RECURSION = YES;
				CLANG_WARN_INT_CONVERSION = YES;
				CLANG_WARN_NON_LITERAL_NULL_CONVERSION = YES;
				CLANG_WARN_OBJC_IMPLICIT_RETAIN_SELF = YES;
				CLANG_WARN_OBJC_LITERAL_CONVERSION = YES;
				CLANG_WARN_OBJC_ROOT_CLASS = YES_ERROR;
				CLANG_WARN_QUOTED_INCLUDE_IN_FRAMEWORK_HEADER = YES;
				CLANG_WARN_RANGE_LOOP_ANALYSIS = YES;
				CLANG_WARN_STRICT_PROTOTYPES = YES;
				CLANG_WARN_SUSPICIOUS_MOVE = YES;
				CLANG_WARN_UNGUARDED_AVAILABILITY = YES_AGGRESSIVE;
				CLANG_WARN_UNREACHABLE_CODE = YES;
				CLANG_WARN__DUPLICATE_METHOD_MATCH = YES;
				COPY_PHASE_STRIP = NO;
				DEBUG_INFORMATION_FORMAT = dwarf;
				ENABLE_STRICT_OBJC_MSGSEND = YES;
				ENABLE_TESTABILITY = YES;
				GCC_C_LANGUAGE_STANDARD = gnu11;
				GCC_DYNAMIC_NO_PIC = NO;
				GCC_NO_COMMON_BLOCKS = YES;
				GCC_OPTIMIZATION_LEVEL = 0;
				GCC_PREPROCESSOR_DEFINITIONS = (
					"DEBUG=1",
					"$(inherited)",
				);
				GCC_WARN_64_TO_32_BIT_CONVERSION = YES;
				GCC_WARN_ABOUT_RETURN_TYPE = YES_ERROR;
				GCC_WARN_UNDECLARED_SELECTOR = YES;
				GCC_WARN_UNINITIALIZED_AUTOS = YES_AGGRESSIVE;
				GCC_WARN_UNUSED_FUNCTION = YES;
				GCC_WARN_UNUSED_VARIABLE = YES;
				IPHONEOS_DEPLOYMENT_TARGET = 11.0;
				MTL_ENABLE_DEBUG_INFO = INCLUDE_SOURCE;
				MTL_FAST_MATH = YES;
				ONLY_ACTIVE_ARCH = YES;
				SDKROOT = iphoneos;
				SWIFT_ACTIVE_COMPILATION_CONDITIONS = DEBUG;
				SWIFT_OPTIMIZATION_LEVEL = "-Onone";
			};
			name = Debug;
		};
		225F76CF2691D5330019BF8B /* Release */ = {
			isa = XCBuildConfiguration;
			buildSettings = {
				ALWAYS_SEARCH_USER_PATHS = NO;
				CLANG_ANALYZER_NONNULL = YES;
				CLANG_ANALYZER_NUMBER_OBJECT_CONVERSION = YES_AGGRESSIVE;
				CLANG_CXX_LANGUAGE_STANDARD = "gnu++14";
				CLANG_CXX_LIBRARY = "libc++";
				CLANG_ENABLE_MODULES = YES;
				CLANG_ENABLE_OBJC_ARC = YES;
				CLANG_ENABLE_OBJC_WEAK = YES;
				CLANG_WARN_BLOCK_CAPTURE_AUTORELEASING = YES;
				CLANG_WARN_BOOL_CONVERSION = YES;
				CLANG_WARN_COMMA = YES;
				CLANG_WARN_CONSTANT_CONVERSION = YES;
				CLANG_WARN_DEPRECATED_OBJC_IMPLEMENTATIONS = YES;
				CLANG_WARN_DIRECT_OBJC_ISA_USAGE = YES_ERROR;
				CLANG_WARN_DOCUMENTATION_COMMENTS = YES;
				CLANG_WARN_EMPTY_BODY = YES;
				CLANG_WARN_ENUM_CONVERSION = YES;
				CLANG_WARN_INFINITE_RECURSION = YES;
				CLANG_WARN_INT_CONVERSION = YES;
				CLANG_WARN_NON_LITERAL_NULL_CONVERSION = YES;
				CLANG_WARN_OBJC_IMPLICIT_RETAIN_SELF = YES;
				CLANG_WARN_OBJC_LITERAL_CONVERSION = YES;
				CLANG_WARN_OBJC_ROOT_CLASS = YES_ERROR;
				CLANG_WARN_QUOTED_INCLUDE_IN_FRAMEWORK_HEADER = YES;
				CLANG_WARN_RANGE_LOOP_ANALYSIS = YES;
				CLANG_WARN_STRICT_PROTOTYPES = YES;
				CLANG_WARN_SUSPICIOUS_MOVE = YES;
				CLANG_WARN_UNGUARDED_AVAILABILITY = YES_AGGRESSIVE;
				CLANG_WARN_UNREACHABLE_CODE = YES;
				CLANG_WARN__DUPLICATE_METHOD_MATCH = YES;
				COPY_PHASE_STRIP = NO;
				DEBUG_INFORMATION_FORMAT = "dwarf-with-dsym";
				ENABLE_NS_ASSERTIONS = NO;
				ENABLE_STRICT_OBJC_MSGSEND = YES;
				GCC_C_LANGUAGE_STANDARD = gnu11;
				GCC_NO_COMMON_BLOCKS = YES;
				GCC_WARN_64_TO_32_BIT_CONVERSION = YES;
				GCC_WARN_ABOUT_RETURN_TYPE = YES_ERROR;
				GCC_WARN_UNDECLARED_SELECTOR = YES;
				GCC_WARN_UNINITIALIZED_AUTOS = YES_AGGRESSIVE;
				GCC_WARN_UNUSED_FUNCTION = YES;
				GCC_WARN_UNUSED_VARIABLE = YES;
				IPHONEOS_DEPLOYMENT_TARGET = 11.0;
				MTL_ENABLE_DEBUG_INFO = NO;
				MTL_FAST_MATH = YES;
				SDKROOT = iphoneos;
				SWIFT_COMPILATION_MODE = wholemodule;
				SWIFT_OPTIMIZATION_LEVEL = "-O";
				VALIDATE_PRODUCT = YES;
			};
			name = Release;
		};
		225F76D12691D5330019BF8B /* Debug */ = {
			isa = XCBuildConfiguration;
			baseConfigurationReference = 3AC0AD55D716B9A82141EBB3 /* Pods-HappyBirthdayApp.debug.xcconfig */;
			buildSettings = {
				ASSETCATALOG_COMPILER_APPICON_NAME = AppIcon;
				ASSETCATALOG_COMPILER_GLOBAL_ACCENT_COLOR_NAME = AccentColor;
				CODE_SIGN_STYLE = Automatic;
				DEVELOPMENT_TEAM = 6RL889K97T;
				INFOPLIST_FILE = HappyBirthdayApp/Main/Info.plist;
				LD_RUNPATH_SEARCH_PATHS = (
					"$(inherited)",
					"@executable_path/Frameworks",
				);
				PRODUCT_BUNDLE_IDENTIFIER = TBA.HappyBirthdayApp;
				PRODUCT_NAME = "$(TARGET_NAME)";
				SWIFT_VERSION = 5.0;
				TARGETED_DEVICE_FAMILY = "1,2";
			};
			name = Debug;
		};
		225F76D22691D5330019BF8B /* Release */ = {
			isa = XCBuildConfiguration;
			baseConfigurationReference = A25203C9CD163F38BB56B820 /* Pods-HappyBirthdayApp.release.xcconfig */;
			buildSettings = {
				ASSETCATALOG_COMPILER_APPICON_NAME = AppIcon;
				ASSETCATALOG_COMPILER_GLOBAL_ACCENT_COLOR_NAME = AccentColor;
				CODE_SIGN_STYLE = Automatic;
				DEVELOPMENT_TEAM = 6RL889K97T;
				INFOPLIST_FILE = HappyBirthdayApp/Main/Info.plist;
				LD_RUNPATH_SEARCH_PATHS = (
					"$(inherited)",
					"@executable_path/Frameworks",
				);
				PRODUCT_BUNDLE_IDENTIFIER = TBA.HappyBirthdayApp;
				PRODUCT_NAME = "$(TARGET_NAME)";
				SWIFT_VERSION = 5.0;
				TARGETED_DEVICE_FAMILY = "1,2";
			};
			name = Release;
		};
/* End XCBuildConfiguration section */

/* Begin XCConfigurationList section */
		225F76B72691D5310019BF8B /* Build configuration list for PBXProject "HappyBirthdayApp" */ = {
			isa = XCConfigurationList;
			buildConfigurations = (
				225F76CE2691D5330019BF8B /* Debug */,
				225F76CF2691D5330019BF8B /* Release */,
			);
			defaultConfigurationIsVisible = 0;
			defaultConfigurationName = Release;
		};
		225F76D02691D5330019BF8B /* Build configuration list for PBXNativeTarget "HappyBirthdayApp" */ = {
			isa = XCConfigurationList;
			buildConfigurations = (
				225F76D12691D5330019BF8B /* Debug */,
				225F76D22691D5330019BF8B /* Release */,
			);
			defaultConfigurationIsVisible = 0;
			defaultConfigurationName = Release;
		};
/* End XCConfigurationList section */
	};
	rootObject = 225F76B42691D5310019BF8B /* Project object */;
}
